
Microsoft Visual Studio Solution File, Format Version 12.00
# Visual Studio Version 17
VisualStudioVersion = 17.13.35919.96 d17.13
MinimumVisualStudioVersion = 10.0.40219.1
Project("{FAE04EC0-301F-11D3-BF4B-00C04F79EFBC}") = "PT5_4", "PT5_4\PT5_4.csproj", "{7413C2EB-5D96-46B0-8844-D65331CFE358}"
EndProject
Global
	GlobalSection(SolutionConfigurationPlatforms) = preSolution
		Debug|Any CPU = Debug|Any CPU
		Release|Any CPU = Release|Any CPU
	EndGlobalSection
	GlobalSection(ProjectConfigurationPlatforms) = postSolution
		{7413C2EB-5D96-46B0-8844-D65331CFE358}.Debug|Any CPU.ActiveCfg = Debug|Any CPU
		{7413C2EB-5D96-46B0-8844-D65331CFE358}.Debug|Any CPU.Build.0 = Debug|Any CPU
		{7413C2EB-5D96-46B0-8844-D65331CFE358}.Release|Any CPU.ActiveCfg = Release|Any CPU
		{7413C2EB-5D96-46B0-8844-D65331CFE358}.Release|Any CPU.Build.0 = Release|Any CPU
	EndGlobalSection
	GlobalSection(SolutionProperties) = preSolution
		HideSolutionNode = FALSE
	EndGlobalSection
	GlobalSection(ExtensibilityGlobals) = postSolution
		SolutionGuid = {4497C706-DD7B-4F27-9254-2C8B3A3060F3}
	EndGlobalSection
EndGlobal
